# THIS IS AN AUTOGENERATED FILE. DO NOT EDIT THIS FILE DIRECTLY.
# yarn lockfile v1


"@types/node@^20.8.8":
  version "20.8.9"
  resolved "https://registry.yarnpkg.com/@types/node/-/node-20.8.9.tgz#646390b4fab269abce59c308fc286dcd818a2b08"
  integrity sha512-UzykFsT3FhHb1h7yD4CA4YhBHq545JC0YnEz41xkipN88eKQtL6rSgocL5tbAP6Ola9Izm/Aw4Ora8He4x0BHg==
  dependencies:
    undici-types "~5.26.4"

skdb-dev@^0.1.9:
  version "0.1.10"
  resolved "https://registry.yarnpkg.com/skdb-dev/-/skdb-dev-0.1.10.tgz#0de27d9136d88b00f0929975fd1a6d5bfab3b31e"
  integrity sha512-F0SKacgLh46EJ+ChTzuOWQLxLTh6ZHLHRE/rpAu+HJnK8sdJp9PrzpG8m2jDUWQpZ6agHPZnfoLl6lOYjsnGvQ==
  dependencies:
    skdb "^0.0.50"

skdb@^0.0.49:
  version "0.0.49"
  resolved "https://registry.yarnpkg.com/skdb/-/skdb-0.0.49.tgz#46f71ba9ed035be0da80b1570cc6050b94971468"
  integrity sha512-meG5Kpl0RLhdVeqjs5FfJsKzhAtC9EMNCOXY5PzhbFz7Oi0c6aNXMLPoU/70O6xm8a2XsdnssRIrW6SnZxb7OQ==
  dependencies:
    ws "^8.12.0"

skdb@^0.0.50:
  version "0.0.50"
  resolved "https://registry.yarnpkg.com/skdb/-/skdb-0.0.50.tgz#c013fbee7625030d4db7b765af53c9ecc5ac1bbe"
  integrity sha512-YJEqZ7WJ4kro/ernodA+kphkb3kwMCIotl6kIDrpCXIc4jjoq2zx/opc+tcc04IFab/s9z8+kWDm112qlqbCSg==
  dependencies:
    ws "^8.12.0"

undici-types@~5.26.4:
  version "5.26.5"
  resolved "https://registry.yarnpkg.com/undici-types/-/undici-types-5.26.5.tgz#bcd539893d00b56e964fd2657a4866b221a65617"
  integrity sha512-JlCMO+ehdEIKqlFxk6IfVoAUVmgz7cU7zD/h9XZ0qzeosSHmUJVOzSQvvYSYWXkFXC+IfLKSIffhv0sVZup6pA==

ws@^8.12.0:
  version "8.14.2"
  resolved "https://registry.yarnpkg.com/ws/-/ws-8.14.2.tgz#6c249a806eb2db7a20d26d51e7709eab7b2e6c7f"
  integrity sha512-wEBG1ftX4jcglPxgFCMJmZ2PLtSbJ2Peg6TmpJFTbe9GZYOQCDPdMYu/Tm0/bGZkw8paZnJY45J4K2PZrLYq8g==
