# THIS IS AN AUTOGENERATED FILE. DO NOT EDIT THIS FILE DIRECTLY.
# yarn lockfile v1


"@types/node@^20.8.8":
  version "20.8.9"
  resolved "https://registry.yarnpkg.com/@types/node/-/node-20.8.9.tgz#646390b4fab269abce59c308fc286dcd818a2b08"
  integrity sha512-UzykFsT3FhHb1h7yD4CA4YhBHq545JC0YnEz41xkipN88eKQtL6rSgocL5tbAP6Ola9Izm/Aw4Ora8He4x0BHg==
  dependencies:
    undici-types "~5.26.4"

skdb-dev@^0.1.16:
  version "0.1.23"
  resolved "https://registry.yarnpkg.com/skdb-dev/-/skdb-dev-0.1.23.tgz#ae80e0669bee60c0ea95dbf8bb02f62871c2348f"
  integrity sha512-Hi0c0pkbqb1DE6Y0r5s2bUCTPaiPO6PVob6RxGt4W+WapCybxPihT1IC7+NpSV+1+5X7GMNdxMoqsJ/4rvPBXw==
  dependencies:
    skdb "^0.0.67"

skdb@^0.0.58:
  version "0.0.58"
  resolved "https://registry.yarnpkg.com/skdb/-/skdb-0.0.58.tgz#4869d1dd71a8d940829280cc197ed37bc0f4d00c"
  integrity sha512-GZS/QHxHbLWCqO8yZCpZrM0VSIq5PGbgr3Ie0oeRb5LdHD/vGxMjOxI8Ft28EcB4ZAszN5c9CCk8K4ulLSAmJQ==
  dependencies:
    ws "^8.12.0"

skdb@^0.0.67:
  version "0.0.67"
  resolved "https://registry.yarnpkg.com/skdb/-/skdb-0.0.67.tgz#64330d38920cd3f864e98ba056e14def6beaf9ea"
  integrity sha512-ZpGnl2B82IWWjZKxmeo0Qb6TkC1UV+fiQ2t96ii8GpIX6tWlABK3vkWOImnle5fPXTai6Z7gp2/8VTQXpiaS0Q==
  dependencies:
    ws "^8.12.0"

undici-types@~5.26.4:
  version "5.26.5"
  resolved "https://registry.yarnpkg.com/undici-types/-/undici-types-5.26.5.tgz#bcd539893d00b56e964fd2657a4866b221a65617"
  integrity sha512-JlCMO+ehdEIKqlFxk6IfVoAUVmgz7cU7zD/h9XZ0qzeosSHmUJVOzSQvvYSYWXkFXC+IfLKSIffhv0sVZup6pA==

ws@^8.12.0:
  version "8.21.0"
  resolved "https://registry.yarnpkg.com/ws/-/ws-8.21.0.tgz#012e413fc07429945121b0c153158c4343086951"
  integrity sha512-Vsp28b7DRcimFQvrqu2Wek3z1iYxDCWqHYB8Qsnk/S4RfaCQzPGPyBNuVjJV3cd6UiKtUtp6sNM77gWvzcCH+g==
